
Microsoft Visual Studio Solution File, Format Version 12.00
# Visual Studio Version 17
VisualStudioVersion = 17.10.34916.146
MinimumVisualStudioVersion = 10.0.40219.1
Project("{9A19103F-16F7-4668-BE54-9A1E7A4F7556}") = "proj_aula1", "proj_aula1\proj_aula1.csproj", "{98AE433F-7629-4D6A-8303-CE7EE03DE14C}"
EndProject
Project("{FAE04EC0-301F-11D3-BF4B-00C04F79EFBC}") = "proj_aula1B", "proj_aula1B\proj_aula1B.csproj", "{9822BF67-BD6B-4820-BFCA-0B085A455E1C}"
EndProject
Global
	GlobalSection(SolutionConfigurationPlatforms) = preSolution
		Debug|Any CPU = Debug|Any CPU
		Release|Any CPU = Release|Any CPU
	EndGlobalSection
	GlobalSection(ProjectConfigurationPlatforms) = postSolution
		{98AE433F-7629-4D6A-8303-CE7EE03DE14C}.Debug|Any CPU.ActiveCfg = Debug|Any CPU
		{98AE433F-7629-4D6A-8303-CE7EE03DE14C}.Debug|Any CPU.Build.0 = Debug|Any CPU
		{98AE433F-7629-4D6A-8303-CE7EE03DE14C}.Release|Any CPU.ActiveCfg = Release|Any CPU
		{98AE433F-7629-4D6A-8303-CE7EE03DE14C}.Release|Any CPU.Build.0 = Release|Any CPU
		{9822BF67-BD6B-4820-BFCA-0B085A455E1C}.Debug|Any CPU.ActiveCfg = Debug|Any CPU
		{9822BF67-BD6B-4820-BFCA-0B085A455E1C}.Debug|Any CPU.Build.0 = Debug|Any CPU
		{9822BF67-BD6B-4820-BFCA-0B085A455E1C}.Release|Any CPU.ActiveCfg = Release|Any CPU
		{9822BF67-BD6B-4820-BFCA-0B085A455E1C}.Release|Any CPU.Build.0 = Release|Any CPU
	EndGlobalSection
	GlobalSection(SolutionProperties) = preSolution
		HideSolutionNode = FALSE
	EndGlobalSection
	GlobalSection(ExtensibilityGlobals) = postSolution
		SolutionGuid = {6FDD171C-A968-4529-8B35-F819FE9FA03F}
	EndGlobalSection
EndGlobal
